
Microsoft Visual Studio Solution File, Format Version 12.00
# Visual Studio Version 16
VisualStudioVersion = 16.0.31205.134
MinimumVisualStudioVersion = 10.0.40219.1
Project("{FAE04EC0-301F-11D3-BF4B-00C04F79EFBC}") = "Core", "Core\Core.csproj", "{1831FE55-2575-4A0B-A73B-9D70CCA850BD}"
EndProject
Project("{FAE04EC0-301F-11D3-BF4B-00C04F79EFBC}") = "TestProject", "TestProject\TestProject.csproj", "{7DA2711B-1B62-4E3C-96AC-26FF15831879}"
EndProject
Global
	GlobalSection(SolutionConfigurationPlatforms) = preSolution
		Debug|Any CPU = Debug|Any CPU
		Release|Any CPU = Release|Any CPU
	EndGlobalSection
	GlobalSection(ProjectConfigurationPlatforms) = postSolution
		{1831FE55-2575-4A0B-A73B-9D70CCA850BD}.Debug|Any CPU.ActiveCfg = Debug|Any CPU
		{1831FE55-2575-4A0B-A73B-9D70CCA850BD}.Debug|Any CPU.Build.0 = Debug|Any CPU
		{1831FE55-2575-4A0B-A73B-9D70CCA850BD}.Release|Any CPU.ActiveCfg = Release|Any CPU
		{1831FE55-2575-4A0B-A73B-9D70CCA850BD}.Release|Any CPU.Build.0 = Release|Any CPU
		{7DA2711B-1B62-4E3C-96AC-26FF15831879}.Debug|Any CPU.ActiveCfg = Debug|Any CPU
		{7DA2711B-1B62-4E3C-96AC-26FF15831879}.Debug|Any CPU.Build.0 = Debug|Any CPU
		{7DA2711B-1B62-4E3C-96AC-26FF15831879}.Release|Any CPU.ActiveCfg = Release|Any CPU
		{7DA2711B-1B62-4E3C-96AC-26FF15831879}.Release|Any CPU.Build.0 = Release|Any CPU
	EndGlobalSection
	GlobalSection(SolutionProperties) = preSolution
		HideSolutionNode = FALSE
	EndGlobalSection
	GlobalSection(ExtensibilityGlobals) = postSolution
		SolutionGuid = {3310CB2D-61DB-4C40-9D6E-7F7B2A2C8E1F}
	EndGlobalSection
EndGlobal
